
Microsoft Visual Studio Solution File, Format Version 12.00
# Visual Studio 2012
Project("{F088123C-0E9E-452A-89E6-6BA2F21D5CAC}") = "Elusive.Solodex.Modeling", "Elusive.Solodex.Modeling.modelproj", "{FBA84193-23C8-4DA9-8077-D73011198FF3}"
EndProject
Global
	GlobalSection(SolutionConfigurationPlatforms) = preSolution
		Debug|Any CPU = Debug|Any CPU
		Release|Any CPU = Release|Any CPU
	EndGlobalSection
	GlobalSection(ProjectConfigurationPlatforms) = postSolution
		{FBA84193-23C8-4DA9-8077-D73011198FF3}.Debug|Any CPU.ActiveCfg = Debug|Any CPU
		{FBA84193-23C8-4DA9-8077-D73011198FF3}.Debug|Any CPU.Build.0 = Debug|Any CPU
		{FBA84193-23C8-4DA9-8077-D73011198FF3}.Release|Any CPU.ActiveCfg = Release|Any CPU
		{FBA84193-23C8-4DA9-8077-D73011198FF3}.Release|Any CPU.Build.0 = Release|Any CPU
	EndGlobalSection
	GlobalSection(SolutionProperties) = preSolution
		HideSolutionNode = FALSE
	EndGlobalSection
EndGlobal
